<?xml version="1.0" encoding="utf-8"?>
<Project ToolsVersion="4.0" xmlns="http://schemas.microsoft.com/developer/msbuild/2003">
  <ItemGroup>
    <Filter Include="소스 파일">
      <UniqueIdentifier>{4FC737F1-C7A5-4376-A066-2A32D752A2FF}</UniqueIdentifier>
      <Extensions>cpp;c;cc;cxx;c++;cppm;ixx;def;odl;idl;hpj;bat;asm;asmx</Extensions>
    </Filter>
    <Filter Include="헤더 파일">
      <UniqueIdentifier>{93995380-89BD-4b04-88EB-625FBE52EBFB}</UniqueIdentifier>
      <Extensions>h;hh;hpp;hxx;h++;hm;inl;inc;ipp;xsd</Extensions>
    </Filter>
    <Filter Include="리소스 파일">
      <UniqueIdentifier>{67DA6AB6-F800-4c08-8B7A-83BB121AAD01}</UniqueIdentifier>
      <Extensions>rc;ico;cur;bmp;dlg;rc2;rct;bin;rgs;gif;jpg;jpeg;jpe;resx;tiff;tif;png;wav;mfcribbon-ms</Extensions>
    </Filter>
    <Filter Include="Outliner">
      <UniqueIdentifier>{d695ec23-0643-42df-a25b-7f0f1f5b7b79}</UniqueIdentifier>
    </Filter>
    <Filter Include="MousePicker">
      <UniqueIdentifier>{6674b63e-02e4-47dd-8945-6d921952546a}</UniqueIdentifier>
    </Filter>
    <Filter Include="Landscape">
      <UniqueIdentifier>{63809aff-b3f5-44e0-8b02-65b3bd56b506}</UniqueIdentifier>
    </Filter>
    <Filter Include="Detail">
      <UniqueIdentifier>{52cb241a-7e0b-4f24-949a-790d65b189de}</UniqueIdentifier>
    </Filter>
  </ItemGroup>
  <ItemGroup>
    <ClInclude Include="MapEditor.h">
      <Filter>헤더 파일</Filter>
    </ClInclude>
    <ClInclude Include="framework.h">
      <Filter>헤더 파일</Filter>
    </ClInclude>
    <ClInclude Include="targetver.h">
      <Filter>헤더 파일</Filter>
    </ClInclude>
    <ClInclude Include="MainFrm.h">
      <Filter>헤더 파일</Filter>
    </ClInclude>
    <ClInclude Include="MapEditorDoc.h">
      <Filter>헤더 파일</Filter>
    </ClInclude>
    <ClInclude Include="MapEditorView.h">
      <Filter>헤더 파일</Filter>
    </ClInclude>
    <ClInclude Include="Resource.h">
      <Filter>헤더 파일</Filter>
    </ClInclude>
    <ClInclude Include="pch.h">
      <Filter>헤더 파일</Filter>
    </ClInclude>
    <ClInclude Include="MainCore.h">
      <Filter>헤더 파일</Filter>
    </ClInclude>
    <ClInclude Include="OutlinerDockPane.h">
      <Filter>Outliner</Filter>
    </ClInclude>
    <ClInclude Include="OutlinerParentDlg.h">
      <Filter>Outliner</Filter>
    </ClInclude>
    <ClInclude Include="MousePicker.h">
      <Filter>MousePicker</Filter>
    </ClInclude>
    <ClInclude Include="LandscapeDockPane.h">
      <Filter>Landscape</Filter>
    </ClInclude>
    <ClInclude Include="LandscapeManagementFormView.h">
      <Filter>Landscape</Filter>
    </ClInclude>
    <ClInclude Include="LandscapeParentDlg.h">
      <Filter>Landscape</Filter>
    </ClInclude>
    <ClInclude Include="LandscapeSculptingFormView.h">
      <Filter>Landscape</Filter>
    </ClInclude>
    <ClInclude Include="DetailDockPane.h">
      <Filter>Detail</Filter>
    </ClInclude>
  </ItemGroup>
  <ItemGroup>
    <ClCompile Include="MapEditor.cpp">
      <Filter>소스 파일</Filter>
    </ClCompile>
    <ClCompile Include="MainFrm.cpp">
      <Filter>소스 파일</Filter>
    </ClCompile>
    <ClCompile Include="MapEditorDoc.cpp">
      <Filter>소스 파일</Filter>
    </ClCompile>
    <ClCompile Include="MapEditorView.cpp">
      <Filter>소스 파일</Filter>
    </ClCompile>
    <ClCompile Include="pch.cpp">
      <Filter>소스 파일</Filter>
    </ClCompile>
    <ClCompile Include="MainCore.cpp">
      <Filter>소스 파일</Filter>
    </ClCompile>
    <ClCompile Include="OutlinerDockPane.cpp">
      <Filter>Outliner</Filter>
    </ClCompile>
    <ClCompile Include="OutlinerParentDlg.cpp">
      <Filter>Outliner</Filter>
    </ClCompile>
    <ClCompile Include="MousePicker.cpp">
      <Filter>MousePicker</Filter>
    </ClCompile>
    <ClCompile Include="LandscapeDockPane.cpp">
      <Filter>Landscape</Filter>
    </ClCompile>
    <ClCompile Include="LandscapeManagementFormView.cpp">
      <Filter>Landscape</Filter>
    </ClCompile>
    <ClCompile Include="LandscapeParentDlg.cpp">
      <Filter>Landscape</Filter>
    </ClCompile>
    <ClCompile Include="LandscapeSculptingFormView.cpp">
      <Filter>Landscape</Filter>
    </ClCompile>
    <ClCompile Include="DetailDockPane.cpp">
      <Filter>Detail</Filter>
    </ClCompile>
  </ItemGroup>
  <ItemGroup>
    <ResourceCompile Include="MapEditor.rc">
      <Filter>리소스 파일</Filter>
    </ResourceCompile>
  </ItemGroup>
  <ItemGroup>
    <Image Include="res\buttons.bmp">
      <Filter>리소스 파일</Filter>
    </Image>
    <Image Include="res\filelarge.bmp">
      <Filter>리소스 파일</Filter>
    </Image>
    <Image Include="res\filesmall.bmp">
      <Filter>리소스 파일</Filter>
    </Image>
    <Image Include="res\main.bmp">
      <Filter>리소스 파일</Filter>
    </Image>
    <Image Include="res\writelarge.bmp">
      <Filter>리소스 파일</Filter>
    </Image>
    <Image Include="res\writesmall.bmp">
      <Filter>리소스 파일</Filter>
    </Image>
    <Image Include="res\MapEditorDoc.ico">
      <Filter>리소스 파일</Filter>
    </Image>
    <Image Include="res\MapEditor.ico">
      <Filter>리소스 파일</Filter>
    </Image>
    <Image Include="res\Toolbar.bmp">
      <Filter>리소스 파일</Filter>
    </Image>
    <Image Include="res\Toolbar256.bmp">
      <Filter>리소스 파일</Filter>
    </Image>
  </ItemGroup>
  <ItemGroup>
    <None Include="res\ribbon.mfcribbon-ms">
      <Filter>리소스 파일</Filter>
    </None>
    <None Include="res\MapEditor.rc2">
      <Filter>리소스 파일</Filter>
    </None>
  </ItemGroup>
</Project>