
Microsoft Visual Studio Solution File, Format Version 12.00
# Visual Studio Version 16
VisualStudioVersion = 16.0.32602.291
MinimumVisualStudioVersion = 10.0.40219.1
Project("{8BC9CEB8-8B4A-11D0-8D11-00A0C91BC942}") = "GameCore", "GameCore\GameCore.vcxproj", "{331839E3-E6DA-4300-AD38-8FCE3401397D}"
EndProject
Project("{8BC9CEB8-8B4A-11D0-8D11-00A0C91BC942}") = "DirectXTK_Desktop_2019", "DirectXTK-main\DirectXTK_Desktop_2019.vcxproj", "{E0B52AE7-E160-4D32-BF3F-910B785E5A8E}"
EndProject
Project("{2150E333-8FDC-42A3-9474-1A3956D46DE8}") = "Libarary", "Libarary", "{3EAC5D98-638A-4539-BDFD-F0AB22F6959A}"
EndProject
Project("{2150E333-8FDC-42A3-9474-1A3956D46DE8}") = "Editor", "Editor", "{7782C9BD-61AC-41CC-8A18-C74550857A77}"
EndProject
Project("{2150E333-8FDC-42A3-9474-1A3956D46DE8}") = "Toolkit", "Toolkit", "{2E9BDEF2-9858-4190-9DBE-800C8F381887}"
EndProject
Project("{8BC9CEB8-8B4A-11D0-8D11-00A0C91BC942}") = "GameEditorTest_Ver0", "GameEditorTest_Ver0\GameEditorTest_Ver0.vcxproj", "{171A7218-A15D-43FC-B99A-E65CAF2ABF8B}"
EndProject
Project("{8BC9CEB8-8B4A-11D0-8D11-00A0C91BC942}") = "ECS", "ECS\ECS.vcxproj", "{4B1EF50F-0289-4AE6-A1F8-319522654C17}"
EndProject
Project("{8BC9CEB8-8B4A-11D0-8D11-00A0C91BC942}") = "EditorECS", "EditorECS\EditorECS.vcxproj", "{4B0EA6F0-E455-48CE-81BE-FF3C0F21C49A}"
EndProject
Project("{8BC9CEB8-8B4A-11D0-8D11-00A0C91BC942}") = "EditorCore", "EditorCore\EditorCore.vcxproj", "{5B021ED4-2B2D-4CF7-85D8-36B1A08C3EDD}"
EndProject
Project("{8BC9CEB8-8B4A-11D0-8D11-00A0C91BC942}") = "BaseCore", "BaseCore\BaseCore.vcxproj", "{E816E639-CAB8-455D-8E31-8725E0D97F66}"
EndProject
Project("{8BC9CEB8-8B4A-11D0-8D11-00A0C91BC942}") = "MapEditor", "MapEditor\MapEditor.vcxproj", "{C4943096-74DB-494E-B058-A1C64570C46D}"
EndProject
Project("{2150E333-8FDC-42A3-9474-1A3956D46DE8}") = "Sample", "Sample", "{C9739102-B11A-4723-8188-2FFC7BB7CE9E}"
EndProject
Project("{8BC9CEB8-8B4A-11D0-8D11-00A0C91BC942}") = "SampleProject", "SampleProject\SampleProject.vcxproj", "{C61A821E-9E53-48AE-9E0A-10414BD92D00}"
EndProject
Project("{8BC9CEB8-8B4A-11D0-8D11-00A0C91BC942}") = "SampleProject2", "SampleProject2\SampleProject2.vcxproj", "{76AFA551-5830-4AFC-AF0A-DDA70B41D503}"
EndProject
Project("{8BC9CEB8-8B4A-11D0-8D11-00A0C91BC942}") = "EditorFileLoader", "EditorFileLoader\EditorFileLoader.vcxproj", "{D9577FD7-85BA-413C-BBF6-3D72A20CA0C1}"
EndProject
Global
	GlobalSection(SolutionConfigurationPlatforms) = preSolution
		Debug|x64 = Debug|x64
		Debug|x86 = Debug|x86
		Release|x64 = Release|x64
		Release|x86 = Release|x86
	EndGlobalSection
	GlobalSection(ProjectConfigurationPlatforms) = postSolution
		{331839E3-E6DA-4300-AD38-8FCE3401397D}.Debug|x64.ActiveCfg = Debug|x64
		{331839E3-E6DA-4300-AD38-8FCE3401397D}.Debug|x64.Build.0 = Debug|x64
		{331839E3-E6DA-4300-AD38-8FCE3401397D}.Debug|x86.ActiveCfg = Debug|Win32
		{331839E3-E6DA-4300-AD38-8FCE3401397D}.Debug|x86.Build.0 = Debug|Win32
		{331839E3-E6DA-4300-AD38-8FCE3401397D}.Release|x64.ActiveCfg = Release|x64
		{331839E3-E6DA-4300-AD38-8FCE3401397D}.Release|x64.Build.0 = Release|x64
		{331839E3-E6DA-4300-AD38-8FCE3401397D}.Release|x86.ActiveCfg = Release|Win32
		{331839E3-E6DA-4300-AD38-8FCE3401397D}.Release|x86.Build.0 = Release|Win32
		{E0B52AE7-E160-4D32-BF3F-910B785E5A8E}.Debug|x64.ActiveCfg = Debug|x64
		{E0B52AE7-E160-4D32-BF3F-910B785E5A8E}.Debug|x64.Build.0 = Debug|x64
		{E0B52AE7-E160-4D32-BF3F-910B785E5A8E}.Debug|x86.ActiveCfg = Debug|Win32
		{E0B52AE7-E160-4D32-BF3F-910B785E5A8E}.Debug|x86.Build.0 = Debug|Win32
		{E0B52AE7-E160-4D32-BF3F-910B785E5A8E}.Release|x64.ActiveCfg = Release|x64
		{E0B52AE7-E160-4D32-BF3F-910B785E5A8E}.Release|x64.Build.0 = Release|x64
		{E0B52AE7-E160-4D32-BF3F-910B785E5A8E}.Release|x86.ActiveCfg = Release|Win32
		{E0B52AE7-E160-4D32-BF3F-910B785E5A8E}.Release|x86.Build.0 = Release|Win32
		{171A7218-A15D-43FC-B99A-E65CAF2ABF8B}.Debug|x64.ActiveCfg = Debug|x64
		{171A7218-A15D-43FC-B99A-E65CAF2ABF8B}.Debug|x64.Build.0 = Debug|x64
		{171A7218-A15D-43FC-B99A-E65CAF2ABF8B}.Debug|x86.ActiveCfg = Debug|Win32
		{171A7218-A15D-43FC-B99A-E65CAF2ABF8B}.Debug|x86.Build.0 = Debug|Win32
		{171A7218-A15D-43FC-B99A-E65CAF2ABF8B}.Release|x64.ActiveCfg = Release|x64
		{171A7218-A15D-43FC-B99A-E65CAF2ABF8B}.Release|x64.Build.0 = Release|x64
		{171A7218-A15D-43FC-B99A-E65CAF2ABF8B}.Release|x86.ActiveCfg = Release|Win32
		{171A7218-A15D-43FC-B99A-E65CAF2ABF8B}.Release|x86.Build.0 = Release|Win32
		{4B1EF50F-0289-4AE6-A1F8-319522654C17}.Debug|x64.ActiveCfg = Debug|x64
		{4B1EF50F-0289-4AE6-A1F8-319522654C17}.Debug|x64.Build.0 = Debug|x64
		{4B1EF50F-0289-4AE6-A1F8-319522654C17}.Debug|x86.ActiveCfg = Debug|Win32
		{4B1EF50F-0289-4AE6-A1F8-319522654C17}.Debug|x86.Build.0 = Debug|Win32
		{4B1EF50F-0289-4AE6-A1F8-319522654C17}.Release|x64.ActiveCfg = Release|x64
		{4B1EF50F-0289-4AE6-A1F8-319522654C17}.Release|x64.Build.0 = Release|x64
		{4B1EF50F-0289-4AE6-A1F8-319522654C17}.Release|x86.ActiveCfg = Release|Win32
		{4B1EF50F-0289-4AE6-A1F8-319522654C17}.Release|x86.Build.0 = Release|Win32
		{4B0EA6F0-E455-48CE-81BE-FF3C0F21C49A}.Debug|x64.ActiveCfg = Debug|x64
		{4B0EA6F0-E455-48CE-81BE-FF3C0F21C49A}.Debug|x64.Build.0 = Debug|x64
		{4B0EA6F0-E455-48CE-81BE-FF3C0F21C49A}.Debug|x86.ActiveCfg = Debug|Win32
		{4B0EA6F0-E455-48CE-81BE-FF3C0F21C49A}.Debug|x86.Build.0 = Debug|Win32
		{4B0EA6F0-E455-48CE-81BE-FF3C0F21C49A}.Release|x64.ActiveCfg = Release|x64
		{4B0EA6F0-E455-48CE-81BE-FF3C0F21C49A}.Release|x64.Build.0 = Release|x64
		{4B0EA6F0-E455-48CE-81BE-FF3C0F21C49A}.Release|x86.ActiveCfg = Release|Win32
		{4B0EA6F0-E455-48CE-81BE-FF3C0F21C49A}.Release|x86.Build.0 = Release|Win32
		{5B021ED4-2B2D-4CF7-85D8-36B1A08C3EDD}.Debug|x64.ActiveCfg = Debug|x64
		{5B021ED4-2B2D-4CF7-85D8-36B1A08C3EDD}.Debug|x64.Build.0 = Debug|x64
		{5B021ED4-2B2D-4CF7-85D8-36B1A08C3EDD}.Debug|x86.ActiveCfg = Debug|Win32
		{5B021ED4-2B2D-4CF7-85D8-36B1A08C3EDD}.Debug|x86.Build.0 = Debug|Win32
		{5B021ED4-2B2D-4CF7-85D8-36B1A08C3EDD}.Release|x64.ActiveCfg = Release|x64
		{5B021ED4-2B2D-4CF7-85D8-36B1A08C3EDD}.Release|x64.Build.0 = Release|x64
		{5B021ED4-2B2D-4CF7-85D8-36B1A08C3EDD}.Release|x86.ActiveCfg = Release|Win32
		{5B021ED4-2B2D-4CF7-85D8-36B1A08C3EDD}.Release|x86.Build.0 = Release|Win32
		{E816E639-CAB8-455D-8E31-8725E0D97F66}.Debug|x64.ActiveCfg = Debug|x64
		{E816E639-CAB8-455D-8E31-8725E0D97F66}.Debug|x64.Build.0 = Debug|x64
		{E816E639-CAB8-455D-8E31-8725E0D97F66}.Debug|x86.ActiveCfg = Debug|Win32
		{E816E639-CAB8-455D-8E31-8725E0D97F66}.Debug|x86.Build.0 = Debug|Win32
		{E816E639-CAB8-455D-8E31-8725E0D97F66}.Release|x64.ActiveCfg = Release|x64
		{E816E639-CAB8-455D-8E31-8725E0D97F66}.Release|x64.Build.0 = Release|x64
		{E816E639-CAB8-455D-8E31-8725E0D97F66}.Release|x86.ActiveCfg = Release|Win32
		{E816E639-CAB8-455D-8E31-8725E0D97F66}.Release|x86.Build.0 = Release|Win32
		{C4943096-74DB-494E-B058-A1C64570C46D}.Debug|x64.ActiveCfg = Debug|x64
		{C4943096-74DB-494E-B058-A1C64570C46D}.Debug|x64.Build.0 = Debug|x64
		{C4943096-74DB-494E-B058-A1C64570C46D}.Debug|x86.ActiveCfg = Debug|Win32
		{C4943096-74DB-494E-B058-A1C64570C46D}.Debug|x86.Build.0 = Debug|Win32
		{C4943096-74DB-494E-B058-A1C64570C46D}.Release|x64.ActiveCfg = Release|x64
		{C4943096-74DB-494E-B058-A1C64570C46D}.Release|x64.Build.0 = Release|x64
		{C4943096-74DB-494E-B058-A1C64570C46D}.Release|x86.ActiveCfg = Release|Win32
		{C4943096-74DB-494E-B058-A1C64570C46D}.Release|x86.Build.0 = Release|Win32
		{C61A821E-9E53-48AE-9E0A-10414BD92D00}.Debug|x64.ActiveCfg = Debug|x64
		{C61A821E-9E53-48AE-9E0A-10414BD92D00}.Debug|x64.Build.0 = Debug|x64
		{C61A821E-9E53-48AE-9E0A-10414BD92D00}.Debug|x86.ActiveCfg = Debug|Win32
		{C61A821E-9E53-48AE-9E0A-10414BD92D00}.Debug|x86.Build.0 = Debug|Win32
		{C61A821E-9E53-48AE-9E0A-10414BD92D00}.Release|x64.ActiveCfg = Release|x64
		{C61A821E-9E53-48AE-9E0A-10414BD92D00}.Release|x64.Build.0 = Release|x64
		{C61A821E-9E53-48AE-9E0A-10414BD92D00}.Release|x86.ActiveCfg = Release|Win32
		{C61A821E-9E53-48AE-9E0A-10414BD92D00}.Release|x86.Build.0 = Release|Win32
		{76AFA551-5830-4AFC-AF0A-DDA70B41D503}.Debug|x64.ActiveCfg = Debug|x64
		{76AFA551-5830-4AFC-AF0A-DDA70B41D503}.Debug|x64.Build.0 = Debug|x64
		{76AFA551-5830-4AFC-AF0A-DDA70B41D503}.Debug|x86.ActiveCfg = Debug|Win32
		{76AFA551-5830-4AFC-AF0A-DDA70B41D503}.Debug|x86.Build.0 = Debug|Win32
		{76AFA551-5830-4AFC-AF0A-DDA70B41D503}.Release|x64.ActiveCfg = Release|x64
		{76AFA551-5830-4AFC-AF0A-DDA70B41D503}.Release|x64.Build.0 = Release|x64
		{76AFA551-5830-4AFC-AF0A-DDA70B41D503}.Release|x86.ActiveCfg = Release|Win32
		{76AFA551-5830-4AFC-AF0A-DDA70B41D503}.Release|x86.Build.0 = Release|Win32
		{D9577FD7-85BA-413C-BBF6-3D72A20CA0C1}.Debug|x64.ActiveCfg = Debug|x64
		{D9577FD7-85BA-413C-BBF6-3D72A20CA0C1}.Debug|x64.Build.0 = Debug|x64
		{D9577FD7-85BA-413C-BBF6-3D72A20CA0C1}.Debug|x86.ActiveCfg = Debug|Win32
		{D9577FD7-85BA-413C-BBF6-3D72A20CA0C1}.Debug|x86.Build.0 = Debug|Win32
		{D9577FD7-85BA-413C-BBF6-3D72A20CA0C1}.Release|x64.ActiveCfg = Release|x64
		{D9577FD7-85BA-413C-BBF6-3D72A20CA0C1}.Release|x64.Build.0 = Release|x64
		{D9577FD7-85BA-413C-BBF6-3D72A20CA0C1}.Release|x86.ActiveCfg = Release|Win32
		{D9577FD7-85BA-413C-BBF6-3D72A20CA0C1}.Release|x86.Build.0 = Release|Win32
	EndGlobalSection
	GlobalSection(SolutionProperties) = preSolution
		HideSolutionNode = FALSE
	EndGlobalSection
	GlobalSection(NestedProjects) = preSolution
		{331839E3-E6DA-4300-AD38-8FCE3401397D} = {3EAC5D98-638A-4539-BDFD-F0AB22F6959A}
		{E0B52AE7-E160-4D32-BF3F-910B785E5A8E} = {2E9BDEF2-9858-4190-9DBE-800C8F381887}
		{171A7218-A15D-43FC-B99A-E65CAF2ABF8B} = {7782C9BD-61AC-41CC-8A18-C74550857A77}
		{4B1EF50F-0289-4AE6-A1F8-319522654C17} = {3EAC5D98-638A-4539-BDFD-F0AB22F6959A}
		{4B0EA6F0-E455-48CE-81BE-FF3C0F21C49A} = {3EAC5D98-638A-4539-BDFD-F0AB22F6959A}
		{5B021ED4-2B2D-4CF7-85D8-36B1A08C3EDD} = {3EAC5D98-638A-4539-BDFD-F0AB22F6959A}
		{E816E639-CAB8-455D-8E31-8725E0D97F66} = {3EAC5D98-638A-4539-BDFD-F0AB22F6959A}
		{C4943096-74DB-494E-B058-A1C64570C46D} = {7782C9BD-61AC-41CC-8A18-C74550857A77}
		{C61A821E-9E53-48AE-9E0A-10414BD92D00} = {C9739102-B11A-4723-8188-2FFC7BB7CE9E}
		{76AFA551-5830-4AFC-AF0A-DDA70B41D503} = {C9739102-B11A-4723-8188-2FFC7BB7CE9E}
		{D9577FD7-85BA-413C-BBF6-3D72A20CA0C1} = {3EAC5D98-638A-4539-BDFD-F0AB22F6959A}
	EndGlobalSection
	GlobalSection(ExtensibilityGlobals) = postSolution
		SolutionGuid = {651D1FE4-E4D2-404F-8BC2-BA7B614DBE56}
	EndGlobalSection
EndGlobal
