<?xml version="1.0" encoding="utf-8"?>
<Project ToolsVersion="4.0" xmlns="http://schemas.microsoft.com/developer/msbuild/2003">
  <ItemGroup>
    <Filter Include="리소스 파일">
      <UniqueIdentifier>{67DA6AB6-F800-4c08-8B7A-83BB121AAD01}</UniqueIdentifier>
      <Extensions>rc;ico;cur;bmp;dlg;rc2;rct;bin;rgs;gif;jpg;jpeg;jpe;resx;tiff;tif;png;wav;mfcribbon-ms</Extensions>
    </Filter>
    <Filter Include="Core">
      <UniqueIdentifier>{5fe6ed24-d9e6-43ad-9ac6-548ef2cd754e}</UniqueIdentifier>
    </Filter>
    <Filter Include="DirectX">
      <UniqueIdentifier>{179417d3-5612-412f-bbf7-aea98854d42d}</UniqueIdentifier>
    </Filter>
    <Filter Include="DirectX\HLSL">
      <UniqueIdentifier>{298e333c-6c6a-426b-94db-737de96e2e98}</UniqueIdentifier>
    </Filter>
    <Filter Include="DirectX\ConstantData">
      <UniqueIdentifier>{0f0bb623-2e37-4984-bd2e-b31df27e320c}</UniqueIdentifier>
    </Filter>
    <Filter Include="DirectX\InputLayout">
      <UniqueIdentifier>{43491af3-8dad-4fce-8b5b-34828be88b8c}</UniqueIdentifier>
    </Filter>
    <Filter Include="DirectX\RenderTarget">
      <UniqueIdentifier>{492a357b-e25b-4134-939c-12527b80bfeb}</UniqueIdentifier>
    </Filter>
    <Filter Include="DirectX\HLSL\Goemetry">
      <UniqueIdentifier>{4b3d1940-8ba9-42ee-a3fa-203a6f8ffe0c}</UniqueIdentifier>
    </Filter>
    <Filter Include="DirectX\HLSL\Pixel">
      <UniqueIdentifier>{d6d77e4f-08c5-4817-81de-e1601f17bcff}</UniqueIdentifier>
    </Filter>
    <Filter Include="DirectX\HLSL\Vertex">
      <UniqueIdentifier>{5f2f9acb-6e51-4ff4-986b-c06e74108283}</UniqueIdentifier>
    </Filter>
    <Filter Include="Common">
      <UniqueIdentifier>{d7836ca3-d38c-4e5b-b054-9825578b5673}</UniqueIdentifier>
    </Filter>
    <Filter Include="DirectX\HLSL\Compute">
      <UniqueIdentifier>{ebdd17ff-6417-4df9-ac1a-79bc6f003f92}</UniqueIdentifier>
    </Filter>
    <Filter Include="DirectX\Material">
      <UniqueIdentifier>{7822ce22-d582-4bc9-ba6f-33c4896b565e}</UniqueIdentifier>
    </Filter>
    <Filter Include="DirectX\Mesh">
      <UniqueIdentifier>{0989f90a-3713-4cf7-a6ec-f8ed415e34a2}</UniqueIdentifier>
    </Filter>
  </ItemGroup>
  <ItemGroup>
    <ClInclude Include="EditorCore.h">
      <Filter>Core</Filter>
    </ClInclude>
    <ClInclude Include="Vertex.h">
      <Filter>DirectX\InputLayout</Filter>
    </ClInclude>
    <ClInclude Include="IWData.h">
      <Filter>DirectX\InputLayout</Filter>
    </ClInclude>
    <ClInclude Include="BindPoseAnimationData.h">
      <Filter>DirectX\ConstantData</Filter>
    </ClInclude>
    <ClInclude Include="CameraMatrix.h">
      <Filter>DirectX\ConstantData</Filter>
    </ClInclude>
    <ClInclude Include="LightData.h">
      <Filter>DirectX\ConstantData</Filter>
    </ClInclude>
    <ClInclude Include="SculptingData.h">
      <Filter>DirectX\ConstantData</Filter>
    </ClInclude>
    <ClInclude Include="TransformMatrix.h">
      <Filter>DirectX\ConstantData</Filter>
    </ClInclude>
    <ClInclude Include="DXRenderTarget.hpp">
      <Filter>DirectX\RenderTarget</Filter>
    </ClInclude>
    <ClInclude Include="Define.h">
      <Filter>Common</Filter>
    </ClInclude>
    <ClInclude Include="SplattingData.h">
      <Filter>DirectX\ConstantData</Filter>
    </ClInclude>
    <ClInclude Include="Mesh.h">
      <Filter>DirectX\Mesh</Filter>
    </ClInclude>
    <ClInclude Include="SkeletalMesh.h">
      <Filter>DirectX\Mesh</Filter>
    </ClInclude>
    <ClInclude Include="StaticMesh.h">
      <Filter>DirectX\Mesh</Filter>
    </ClInclude>
    <ClInclude Include="Material.h">
      <Filter>DirectX\Material</Filter>
    </ClInclude>
    <ClInclude Include="MaterialManager.h">
      <Filter>DirectX\Material</Filter>
    </ClInclude>
    <ClInclude Include="Face.h">
      <Filter>Common</Filter>
    </ClInclude>
  </ItemGroup>
  <ItemGroup>
    <ClCompile Include="EditorCore.cpp">
      <Filter>Core</Filter>
    </ClCompile>
    <ClCompile Include="DXRenderTarget.cpp">
      <Filter>DirectX\RenderTarget</Filter>
    </ClCompile>
    <ClCompile Include="Mesh.cpp">
      <Filter>DirectX\Mesh</Filter>
    </ClCompile>
    <ClCompile Include="SkeletalMesh.cpp">
      <Filter>DirectX\Mesh</Filter>
    </ClCompile>
    <ClCompile Include="StaticMesh.cpp">
      <Filter>DirectX\Mesh</Filter>
    </ClCompile>
    <ClCompile Include="Material.cpp">
      <Filter>DirectX\Material</Filter>
    </ClCompile>
    <ClCompile Include="MaterialManager.cpp">
      <Filter>DirectX\Material</Filter>
    </ClCompile>
  </ItemGroup>
  <ItemGroup>
    <FxCompile Include="GS_Landscape.hlsl">
      <Filter>DirectX\HLSL\Goemetry</Filter>
    </FxCompile>
    <FxCompile Include="VS_SkeletalMesh.hlsl">
      <Filter>DirectX\HLSL\Vertex</Filter>
    </FxCompile>
    <FxCompile Include="VS_StaticMesh.hlsl">
      <Filter>DirectX\HLSL\Vertex</Filter>
    </FxCompile>
    <FxCompile Include="PS_Default.hlsl">
      <Filter>DirectX\HLSL\Pixel</Filter>
    </FxCompile>
    <FxCompile Include="PS_Light.hlsl">
      <Filter>DirectX\HLSL\Pixel</Filter>
    </FxCompile>
    <FxCompile Include="PS_NonTexturedUI.hlsl">
      <Filter>DirectX\HLSL\Pixel</Filter>
    </FxCompile>
    <FxCompile Include="PS_TexturedUI.hlsl">
      <Filter>DirectX\HLSL\Pixel</Filter>
    </FxCompile>
    <FxCompile Include="VS_UserInterface.hlsl">
      <Filter>DirectX\HLSL\Vertex</Filter>
    </FxCompile>
    <FxCompile Include="CS_LandscapeSplatting.hlsl">
      <Filter>DirectX\HLSL\Compute</Filter>
    </FxCompile>
    <FxCompile Include="PS_Landscape.hlsl">
      <Filter>DirectX\HLSL\Pixel</Filter>
    </FxCompile>
    <FxCompile Include="VS_NormalMapStaticMesh.hlsl">
      <Filter>DirectX\HLSL\Vertex</Filter>
    </FxCompile>
    <FxCompile Include="PS_NormalMap.hlsl">
      <Filter>DirectX\HLSL\Pixel</Filter>
    </FxCompile>
    <FxCompile Include="VS_Sky.hlsl">
      <Filter>DirectX\HLSL\Vertex</Filter>
    </FxCompile>
  </ItemGroup>
</Project>