<?xml version="1.0" encoding="utf-8"?>
<Project ToolsVersion="4.0" xmlns="http://schemas.microsoft.com/developer/msbuild/2003">
  <ItemGroup>
    <Filter Include="소스 파일">
      <UniqueIdentifier>{4FC737F1-C7A5-4376-A066-2A32D752A2FF}</UniqueIdentifier>
      <Extensions>cpp;c;cc;cxx;c++;cppm;ixx;def;odl;idl;hpj;bat;asm;asmx</Extensions>
    </Filter>
    <Filter Include="헤더 파일">
      <UniqueIdentifier>{93995380-89BD-4b04-88EB-625FBE52EBFB}</UniqueIdentifier>
      <Extensions>h;hh;hpp;hxx;h++;hm;inl;inc;ipp;xsd</Extensions>
    </Filter>
    <Filter Include="리소스 파일">
      <UniqueIdentifier>{67DA6AB6-F800-4c08-8B7A-83BB121AAD01}</UniqueIdentifier>
      <Extensions>rc;ico;cur;bmp;dlg;rc2;rct;bin;rgs;gif;jpg;jpeg;jpe;resx;tiff;tif;png;wav;mfcribbon-ms</Extensions>
    </Filter>
    <Filter Include="Common">
      <UniqueIdentifier>{d1cca89d-eb2d-4bb5-9c8e-cdbcb22ca757}</UniqueIdentifier>
    </Filter>
    <Filter Include="ECS">
      <UniqueIdentifier>{38a62c61-8888-4914-8c0f-5689ae6765d2}</UniqueIdentifier>
    </Filter>
    <Filter Include="ECS\World">
      <UniqueIdentifier>{ef336fb3-baf1-4b7b-a96f-07379abff300}</UniqueIdentifier>
    </Filter>
    <Filter Include="ECS\System">
      <UniqueIdentifier>{504d9f3b-a9bc-4bc6-b87b-7d4efda4ba61}</UniqueIdentifier>
    </Filter>
    <Filter Include="ECS\Component">
      <UniqueIdentifier>{62bb0c5e-b0a4-4638-97a1-74209454aced}</UniqueIdentifier>
    </Filter>
    <Filter Include="ECS\Entity">
      <UniqueIdentifier>{2732ae40-84ce-4ae1-8e7c-bdf396065ba7}</UniqueIdentifier>
    </Filter>
    <Filter Include="DirectX">
      <UniqueIdentifier>{3f044159-f34a-4573-8099-0f714e734862}</UniqueIdentifier>
    </Filter>
    <Filter Include="Sound">
      <UniqueIdentifier>{17a7857e-a55e-4a7e-9810-01b11c5ce842}</UniqueIdentifier>
    </Filter>
    <Filter Include="DirectX\HLSL">
      <UniqueIdentifier>{30681bf9-b1fb-4af3-a1ba-823584832c52}</UniqueIdentifier>
    </Filter>
    <Filter Include="Core">
      <UniqueIdentifier>{1187b91f-3211-4308-873d-a1c4e37ce8d2}</UniqueIdentifier>
    </Filter>
    <Filter Include="DirectX\HLSL\VertexShader">
      <UniqueIdentifier>{c151e782-b5a1-4003-be17-db1273094eb2}</UniqueIdentifier>
    </Filter>
    <Filter Include="DirectX\HLSL\PixelShader">
      <UniqueIdentifier>{ab7c5494-e8fb-4318-b305-1a46f0ba0bc0}</UniqueIdentifier>
    </Filter>
    <Filter Include="Camera">
      <UniqueIdentifier>{0eea25e6-a29b-41ab-a0f6-9eb41895a51d}</UniqueIdentifier>
    </Filter>
  </ItemGroup>
  <ItemGroup>
    <ClInclude Include="Define.h">
      <Filter>Common</Filter>
    </ClInclude>
    <ClInclude Include="Vertex.h">
      <Filter>Common</Filter>
    </ClInclude>
    <ClInclude Include="WindowsClient.h">
      <Filter>헤더 파일</Filter>
    </ClInclude>
    <ClInclude Include="ECSCommon.hpp">
      <Filter>ECS</Filter>
    </ClInclude>
    <ClInclude Include="Input.hpp">
      <Filter>헤더 파일</Filter>
    </ClInclude>
    <ClInclude Include="Actor.h">
      <Filter>ECS\Entity</Filter>
    </ClInclude>
    <ClInclude Include="Entity.hpp">
      <Filter>ECS\Entity</Filter>
    </ClInclude>
    <ClInclude Include="System.hpp">
      <Filter>ECS\System</Filter>
    </ClInclude>
    <ClInclude Include="World.hpp">
      <Filter>ECS\World</Filter>
    </ClInclude>
    <ClInclude Include="Component.hpp">
      <Filter>ECS\Component</Filter>
    </ClInclude>
    <ClInclude Include="LandscapeComponent.h">
      <Filter>ECS\Component</Filter>
    </ClInclude>
    <ClInclude Include="MeshComponent.hpp">
      <Filter>ECS\Component</Filter>
    </ClInclude>
    <ClInclude Include="MovementComponent.h">
      <Filter>ECS\Component</Filter>
    </ClInclude>
    <ClInclude Include="RenderSystem.h">
      <Filter>ECS\System</Filter>
    </ClInclude>
    <ClInclude Include="MovementSystem.h">
      <Filter>ECS\System</Filter>
    </ClInclude>
    <ClInclude Include="TransformComponent.h">
      <Filter>ECS\Component</Filter>
    </ClInclude>
    <ClInclude Include="Landscape.h">
      <Filter>ECS\Entity</Filter>
    </ClInclude>
    <ClInclude Include="Material.h">
      <Filter>ECS\Entity</Filter>
    </ClInclude>
    <ClInclude Include="StaticMeshComponent.h">
      <Filter>ECS\Component</Filter>
    </ClInclude>
    <ClInclude Include="SkeletalMeshComponent.h">
      <Filter>ECS\Component</Filter>
    </ClInclude>
    <ClInclude Include="DXDevice.hpp">
      <Filter>DirectX</Filter>
    </ClInclude>
    <ClInclude Include="DXTexture.hpp">
      <Filter>DirectX</Filter>
    </ClInclude>
    <ClInclude Include="DXTextureManager.hpp">
      <Filter>DirectX</Filter>
    </ClInclude>
    <ClInclude Include="FMODSound.hpp">
      <Filter>Sound</Filter>
    </ClInclude>
    <ClInclude Include="FMODSoundManager.hpp">
      <Filter>Sound</Filter>
    </ClInclude>
    <ClInclude Include="GameCore.h">
      <Filter>Core</Filter>
    </ClInclude>
    <ClInclude Include="Timer.hpp">
      <Filter>헤더 파일</Filter>
    </ClInclude>
    <ClInclude Include="DXSamplerState.hpp">
      <Filter>헤더 파일</Filter>
    </ClInclude>
    <ClInclude Include="DXShaderManager.h">
      <Filter>DirectX</Filter>
    </ClInclude>
    <ClInclude Include="DXRenderTarget.hpp">
      <Filter>헤더 파일</Filter>
    </ClInclude>
    <ClInclude Include="IWData.h">
      <Filter>Common</Filter>
    </ClInclude>
    <ClInclude Include="VertexTransform.h">
      <Filter>Common</Filter>
    </ClInclude>
    <ClInclude Include="DXShader.h">
      <Filter>DirectX</Filter>
    </ClInclude>
    <ClInclude Include="Frustum.h">
      <Filter>Common</Filter>
    </ClInclude>
    <ClInclude Include="Camera.h">
      <Filter>ECS\Component</Filter>
    </ClInclude>
    <ClInclude Include="CameraSystem.h">
      <Filter>ECS\System</Filter>
    </ClInclude>
  </ItemGroup>
  <ItemGroup>
    <ClCompile Include="WindowsClient.cpp">
      <Filter>소스 파일</Filter>
    </ClCompile>
    <ClCompile Include="Input.cpp">
      <Filter>소스 파일</Filter>
    </ClCompile>
    <ClCompile Include="DXDevice.cpp">
      <Filter>DirectX</Filter>
    </ClCompile>
    <ClCompile Include="DXTexture.cpp">
      <Filter>DirectX</Filter>
    </ClCompile>
    <ClCompile Include="DXTextureManager.cpp">
      <Filter>DirectX</Filter>
    </ClCompile>
    <ClCompile Include="FMODSound.cpp">
      <Filter>Sound</Filter>
    </ClCompile>
    <ClCompile Include="FMODSoundManager.cpp">
      <Filter>Sound</Filter>
    </ClCompile>
    <ClCompile Include="GameCore.cpp">
      <Filter>Core</Filter>
    </ClCompile>
    <ClCompile Include="Timer.cpp">
      <Filter>소스 파일</Filter>
    </ClCompile>
    <ClCompile Include="DXSamplerState.cpp">
      <Filter>소스 파일</Filter>
    </ClCompile>
    <ClCompile Include="DXShaderManager.cpp">
      <Filter>DirectX</Filter>
    </ClCompile>
    <ClCompile Include="DXRenderTarget.cpp">
      <Filter>소스 파일</Filter>
    </ClCompile>
    <ClCompile Include="MeshComponent.cpp">
      <Filter>소스 파일</Filter>
    </ClCompile>
    <ClCompile Include="Material.cpp">
      <Filter>소스 파일</Filter>
    </ClCompile>
    <ClCompile Include="DXShader.cpp">
      <Filter>DirectX</Filter>
    </ClCompile>
    <ClCompile Include="World.cpp">
      <Filter>ECS\World</Filter>
    </ClCompile>
    <ClCompile Include="Frustum.cpp">
      <Filter>Common</Filter>
    </ClCompile>
    <ClCompile Include="Camera.cpp">
      <Filter>ECS\Component</Filter>
    </ClCompile>
  </ItemGroup>
  <ItemGroup>
    <FxCompile Include="VS_SkeletalMesh.hlsl">
      <Filter>DirectX\HLSL\VertexShader</Filter>
    </FxCompile>
    <FxCompile Include="VS_StaticMesh.hlsl">
      <Filter>DirectX\HLSL\VertexShader</Filter>
    </FxCompile>
    <FxCompile Include="PS_Default.hlsl">
      <Filter>DirectX\HLSL\PixelShader</Filter>
    </FxCompile>
  </ItemGroup>
</Project>