<?xml version="1.0" encoding="utf-8"?>
<Project ToolsVersion="4.0" xmlns="http://schemas.microsoft.com/developer/msbuild/2003">
  <ItemGroup>
    <Filter Include="리소스 파일">
      <UniqueIdentifier>{67DA6AB6-F800-4c08-8B7A-83BB121AAD01}</UniqueIdentifier>
      <Extensions>rc;ico;cur;bmp;dlg;rc2;rct;bin;rgs;gif;jpg;jpeg;jpe;resx;tiff;tif;png;wav;mfcribbon-ms</Extensions>
    </Filter>
    <Filter Include="FBXLoader">
      <UniqueIdentifier>{92c5f636-e2f7-4689-87a9-db0ee148ba7d}</UniqueIdentifier>
    </Filter>
    <Filter Include="MFC">
      <UniqueIdentifier>{4eb92aa5-9931-4e2a-bf5c-18365d70adfb}</UniqueIdentifier>
    </Filter>
    <Filter Include="MFC\DockPane">
      <UniqueIdentifier>{e1c9f15c-2f30-4357-a930-536f69c30eac}</UniqueIdentifier>
    </Filter>
    <Filter Include="MFC\DockPane\Outliner">
      <UniqueIdentifier>{26025d87-acaf-4cb0-9735-a5349acd9f15}</UniqueIdentifier>
    </Filter>
    <Filter Include="MFC\DockPane\Landscape">
      <UniqueIdentifier>{11c6da3a-0f54-416a-8c3b-fbd418e35737}</UniqueIdentifier>
    </Filter>
    <Filter Include="MFC\DockPane\Detail">
      <UniqueIdentifier>{0c31f3c5-714d-43f0-80e0-dfeb47408df4}</UniqueIdentifier>
    </Filter>
    <Filter Include="MFC\DockPane\ClassView">
      <UniqueIdentifier>{c989ce20-6c1e-49cb-81e2-aaedee167690}</UniqueIdentifier>
    </Filter>
    <Filter Include="MFC\DockPane\FileView">
      <UniqueIdentifier>{a2daa3eb-8055-492a-8378-79a14b023af7}</UniqueIdentifier>
    </Filter>
    <Filter Include="MFC\DockPane\PropertyView">
      <UniqueIdentifier>{2d98b51b-5815-445e-97c9-21220d884ad3}</UniqueIdentifier>
    </Filter>
    <Filter Include="MFC\DockPane\Output">
      <UniqueIdentifier>{cbb66abe-de02-427f-aed1-975e736204ef}</UniqueIdentifier>
    </Filter>
    <Filter Include="Core">
      <UniqueIdentifier>{6cd6f8e9-0e16-4825-bb6d-d17504090883}</UniqueIdentifier>
    </Filter>
    <Filter Include="MFC\소스 파일">
      <UniqueIdentifier>{4FC737F1-C7A5-4376-A066-2A32D752A2FF}</UniqueIdentifier>
      <Extensions>cpp;c;cc;cxx;c++;cppm;ixx;def;odl;idl;hpj;bat;asm;asmx</Extensions>
    </Filter>
    <Filter Include="MFC\헤더 파일">
      <UniqueIdentifier>{93995380-89BD-4b04-88EB-625FBE52EBFB}</UniqueIdentifier>
      <Extensions>h;hh;hpp;hxx;h++;hm;inl;inc;ipp;xsd</Extensions>
    </Filter>
    <Filter Include="MFC\DockPane\NewProject">
      <UniqueIdentifier>{86611368-19bb-4b4b-a259-9460dc3ae31f}</UniqueIdentifier>
    </Filter>
    <Filter Include="ObjLoader">
      <UniqueIdentifier>{001c0814-5887-4ac0-80f8-b1f32cf15ed4}</UniqueIdentifier>
    </Filter>
    <Filter Include="MFC\DockPane\ObjectSelector">
      <UniqueIdentifier>{b803e72c-b4c9-4b89-832a-8a7b0bd6486e}</UniqueIdentifier>
    </Filter>
  </ItemGroup>
  <ItemGroup>
    <ClInclude Include="GameEditorTest_Ver0.h">
      <Filter>MFC\헤더 파일</Filter>
    </ClInclude>
    <ClInclude Include="framework.h">
      <Filter>MFC\헤더 파일</Filter>
    </ClInclude>
    <ClInclude Include="targetver.h">
      <Filter>MFC\헤더 파일</Filter>
    </ClInclude>
    <ClInclude Include="MainFrm.h">
      <Filter>MFC\헤더 파일</Filter>
    </ClInclude>
    <ClInclude Include="GameEditorTest_Ver0Doc.h">
      <Filter>MFC\헤더 파일</Filter>
    </ClInclude>
    <ClInclude Include="GameEditorTest_Ver0View.h">
      <Filter>MFC\헤더 파일</Filter>
    </ClInclude>
    <ClInclude Include="Resource.h">
      <Filter>MFC\헤더 파일</Filter>
    </ClInclude>
    <ClInclude Include="ViewTree.h">
      <Filter>MFC\헤더 파일</Filter>
    </ClInclude>
    <ClInclude Include="pch.h">
      <Filter>MFC\헤더 파일</Filter>
    </ClInclude>
    <ClInclude Include="MousePicker.h">
      <Filter>FBXLoader</Filter>
    </ClInclude>
    <ClInclude Include="FBXLoader.hpp">
      <Filter>FBXLoader</Filter>
    </ClInclude>
    <ClInclude Include="FBXObject.hpp">
      <Filter>FBXLoader</Filter>
    </ClInclude>
    <ClInclude Include="LandscapeDockPane.h">
      <Filter>MFC\DockPane\Landscape</Filter>
    </ClInclude>
    <ClInclude Include="LandscapeManagementFormView.h">
      <Filter>MFC\DockPane\Landscape</Filter>
    </ClInclude>
    <ClInclude Include="LandscapeParentDlg.h">
      <Filter>MFC\DockPane\Landscape</Filter>
    </ClInclude>
    <ClInclude Include="LandscapeSculptingFormView.h">
      <Filter>MFC\DockPane\Landscape</Filter>
    </ClInclude>
    <ClInclude Include="OutlinerDockPane.h">
      <Filter>MFC\DockPane\Outliner</Filter>
    </ClInclude>
    <ClInclude Include="OutlinerParentDlg.h">
      <Filter>MFC\DockPane\Outliner</Filter>
    </ClInclude>
    <ClInclude Include="DetailDockPane.h">
      <Filter>MFC\DockPane\Detail</Filter>
    </ClInclude>
    <ClInclude Include="PropertiesWnd.h">
      <Filter>MFC\DockPane\PropertyView</Filter>
    </ClInclude>
    <ClInclude Include="OutputWnd.h">
      <Filter>MFC\DockPane\Output</Filter>
    </ClInclude>
    <ClInclude Include="FileView.h">
      <Filter>MFC\DockPane\FileView</Filter>
    </ClInclude>
    <ClInclude Include="ClassView.h">
      <Filter>MFC\DockPane\ClassView</Filter>
    </ClInclude>
    <ClInclude Include="TestClass.h">
      <Filter>Core</Filter>
    </ClInclude>
    <ClInclude Include="NewProjectDlg.h">
      <Filter>MFC\DockPane\NewProject</Filter>
    </ClInclude>
    <ClInclude Include="DaeFile.h">
      <Filter>ObjLoader</Filter>
    </ClInclude>
    <ClInclude Include="MtlFile.h">
      <Filter>ObjLoader</Filter>
    </ClInclude>
    <ClInclude Include="ObjFile.h">
      <Filter>ObjLoader</Filter>
    </ClInclude>
    <ClInclude Include="ObjLoader.h">
      <Filter>ObjLoader</Filter>
    </ClInclude>
    <ClInclude Include="ObjectSelectorDockPane.h">
      <Filter>MFC\DockPane\ObjectSelector</Filter>
    </ClInclude>
    <ClInclude Include="ObjectSelectorDlg.h">
      <Filter>MFC\DockPane\ObjectSelector</Filter>
    </ClInclude>
    <ClInclude Include="LandscapeSplattingFormView.h">
      <Filter>MFC\DockPane\Landscape</Filter>
    </ClInclude>
  </ItemGroup>
  <ItemGroup>
    <ClCompile Include="GameEditorTest_Ver0.cpp">
      <Filter>MFC\소스 파일</Filter>
    </ClCompile>
    <ClCompile Include="MainFrm.cpp">
      <Filter>MFC\소스 파일</Filter>
    </ClCompile>
    <ClCompile Include="GameEditorTest_Ver0Doc.cpp">
      <Filter>MFC\소스 파일</Filter>
    </ClCompile>
    <ClCompile Include="GameEditorTest_Ver0View.cpp">
      <Filter>MFC\소스 파일</Filter>
    </ClCompile>
    <ClCompile Include="ViewTree.cpp">
      <Filter>MFC\소스 파일</Filter>
    </ClCompile>
    <ClCompile Include="pch.cpp">
      <Filter>MFC\소스 파일</Filter>
    </ClCompile>
    <ClCompile Include="MousePicker.cpp">
      <Filter>FBXLoader</Filter>
    </ClCompile>
    <ClCompile Include="FBXLoader.cpp">
      <Filter>FBXLoader</Filter>
    </ClCompile>
    <ClCompile Include="FBXObject.cpp">
      <Filter>FBXLoader</Filter>
    </ClCompile>
    <ClCompile Include="LandscapeDockPane.cpp">
      <Filter>MFC\DockPane\Landscape</Filter>
    </ClCompile>
    <ClCompile Include="LandscapeManagementFormView.cpp">
      <Filter>MFC\DockPane\Landscape</Filter>
    </ClCompile>
    <ClCompile Include="LandscapeParentDlg.cpp">
      <Filter>MFC\DockPane\Landscape</Filter>
    </ClCompile>
    <ClCompile Include="LandscapeSculptingFormView.cpp">
      <Filter>MFC\DockPane\Landscape</Filter>
    </ClCompile>
    <ClCompile Include="OutlinerDockPane.cpp">
      <Filter>MFC\DockPane\Outliner</Filter>
    </ClCompile>
    <ClCompile Include="OutlinerParentDlg.cpp">
      <Filter>MFC\DockPane\Outliner</Filter>
    </ClCompile>
    <ClCompile Include="DetailDockPane.cpp">
      <Filter>MFC\DockPane\Detail</Filter>
    </ClCompile>
    <ClCompile Include="PropertiesWnd.cpp">
      <Filter>MFC\DockPane\PropertyView</Filter>
    </ClCompile>
    <ClCompile Include="OutputWnd.cpp">
      <Filter>MFC\DockPane\Output</Filter>
    </ClCompile>
    <ClCompile Include="FileView.cpp">
      <Filter>MFC\DockPane\FileView</Filter>
    </ClCompile>
    <ClCompile Include="ClassView.cpp">
      <Filter>MFC\DockPane\ClassView</Filter>
    </ClCompile>
    <ClCompile Include="TestClass.cpp">
      <Filter>Core</Filter>
    </ClCompile>
    <ClCompile Include="NewProjectDlg.cpp">
      <Filter>MFC\DockPane\NewProject</Filter>
    </ClCompile>
    <ClCompile Include="DaeFile.cpp">
      <Filter>ObjLoader</Filter>
    </ClCompile>
    <ClCompile Include="MtlFile.cpp">
      <Filter>ObjLoader</Filter>
    </ClCompile>
    <ClCompile Include="ObjFile.cpp">
      <Filter>ObjLoader</Filter>
    </ClCompile>
    <ClCompile Include="ObjLoader.cpp">
      <Filter>ObjLoader</Filter>
    </ClCompile>
    <ClCompile Include="ObjectSelectorDockPane.cpp">
      <Filter>MFC\DockPane\ObjectSelector</Filter>
    </ClCompile>
    <ClCompile Include="ObjectSelectorDlg.cpp">
      <Filter>MFC\DockPane\ObjectSelector</Filter>
    </ClCompile>
    <ClCompile Include="LandscapeSplattingFormView.cpp">
      <Filter>MFC\DockPane\Landscape</Filter>
    </ClCompile>
  </ItemGroup>
  <ItemGroup>
    <ResourceCompile Include="GameEditorTestVer0.rc">
      <Filter>리소스 파일</Filter>
    </ResourceCompile>
  </ItemGroup>
  <ItemGroup>
    <Image Include="res\file_view.ico">
      <Filter>리소스 파일</Filter>
    </Image>
    <Image Include="res\file_view_hc.ico">
      <Filter>리소스 파일</Filter>
    </Image>
    <Image Include="res\class_view.ico">
      <Filter>리소스 파일</Filter>
    </Image>
    <Image Include="res\class_view_hc.ico">
      <Filter>리소스 파일</Filter>
    </Image>
    <Image Include="res\fileview.bmp">
      <Filter>리소스 파일</Filter>
    </Image>
    <Image Include="res\fileview_hc.bmp">
      <Filter>리소스 파일</Filter>
    </Image>
    <Image Include="res\classview.bmp">
      <Filter>리소스 파일</Filter>
    </Image>
    <Image Include="res\classview_hc.bmp">
      <Filter>리소스 파일</Filter>
    </Image>
    <Image Include="res\explorer.bmp">
      <Filter>리소스 파일</Filter>
    </Image>
    <Image Include="res\explorer_hc.bmp">
      <Filter>리소스 파일</Filter>
    </Image>
    <Image Include="res\sort.bmp">
      <Filter>리소스 파일</Filter>
    </Image>
    <Image Include="res\sort_hc.bmp">
      <Filter>리소스 파일</Filter>
    </Image>
    <Image Include="res\menuimages.bmp">
      <Filter>리소스 파일</Filter>
    </Image>
    <Image Include="res\menuimages_hc.bmp">
      <Filter>리소스 파일</Filter>
    </Image>
    <Image Include="res\output_wnd.ico">
      <Filter>리소스 파일</Filter>
    </Image>
    <Image Include="res\output_wnd_hc.ico">
      <Filter>리소스 파일</Filter>
    </Image>
    <Image Include="res\properties_wnd.ico">
      <Filter>리소스 파일</Filter>
    </Image>
    <Image Include="res\properties_wnd_hc.ico">
      <Filter>리소스 파일</Filter>
    </Image>
    <Image Include="res\properties.bmp">
      <Filter>리소스 파일</Filter>
    </Image>
    <Image Include="res\properties_hc.bmp">
      <Filter>리소스 파일</Filter>
    </Image>
    <Image Include="res\buttons.bmp">
      <Filter>리소스 파일</Filter>
    </Image>
    <Image Include="res\filelarge.bmp">
      <Filter>리소스 파일</Filter>
    </Image>
    <Image Include="res\filesmall.bmp">
      <Filter>리소스 파일</Filter>
    </Image>
    <Image Include="res\main.bmp">
      <Filter>리소스 파일</Filter>
    </Image>
    <Image Include="res\writelarge.bmp">
      <Filter>리소스 파일</Filter>
    </Image>
    <Image Include="res\writesmall.bmp">
      <Filter>리소스 파일</Filter>
    </Image>
    <Image Include="res\GameEditorTest_Ver0Doc.ico">
      <Filter>리소스 파일</Filter>
    </Image>
    <Image Include="res\GameEditorTest_Ver0.ico">
      <Filter>리소스 파일</Filter>
    </Image>
    <Image Include="res\Toolbar.bmp">
      <Filter>리소스 파일</Filter>
    </Image>
    <Image Include="res\Toolbar256.bmp">
      <Filter>리소스 파일</Filter>
    </Image>
    <Image Include="res\save.ico">
      <Filter>리소스 파일</Filter>
    </Image>
  </ItemGroup>
  <ItemGroup>
    <None Include="res\ribbon.mfcribbon-ms">
      <Filter>리소스 파일</Filter>
    </None>
    <None Include="res\GameEditorTestVer0.rc2">
      <Filter>리소스 파일</Filter>
    </None>
    <None Include="ClassDiagram.cd" />
  </ItemGroup>
</Project>