<?xml version="1.0" encoding="utf-8"?>
<Project ToolsVersion="4.0" xmlns="http://schemas.microsoft.com/developer/msbuild/2003">
  <ItemGroup>
    <Filter Include="리소스 파일">
      <UniqueIdentifier>{67DA6AB6-F800-4c08-8B7A-83BB121AAD01}</UniqueIdentifier>
      <Extensions>rc;ico;cur;bmp;dlg;rc2;rct;bin;rgs;gif;jpg;jpeg;jpe;resx;tiff;tif;png;wav;mfcribbon-ms</Extensions>
    </Filter>
    <Filter Include="NewComponent">
      <UniqueIdentifier>{17158cf2-ce1f-468a-aac2-1b17adf7917e}</UniqueIdentifier>
    </Filter>
    <Filter Include="NewSystem">
      <UniqueIdentifier>{ff08488c-0eb5-413b-8ba1-9284207a6fcb}</UniqueIdentifier>
    </Filter>
    <Filter Include="Battle">
      <UniqueIdentifier>{84587646-4042-48bc-be41-8e02a4935149}</UniqueIdentifier>
    </Filter>
    <Filter Include="Battle\Enemy">
      <UniqueIdentifier>{25924e81-c5b5-4338-8227-5a9b9fce4039}</UniqueIdentifier>
    </Filter>
    <Filter Include="Scene">
      <UniqueIdentifier>{874cac90-fff7-4989-b4ba-51647aed75a4}</UniqueIdentifier>
    </Filter>
    <Filter Include="Loader">
      <UniqueIdentifier>{0323f9b6-430a-4ef9-93d0-df4c7c375c9b}</UniqueIdentifier>
    </Filter>
    <Filter Include="Network">
      <UniqueIdentifier>{e6e89bc6-fda6-496d-b18a-239fd5339460}</UniqueIdentifier>
    </Filter>
    <Filter Include="Network\Client">
      <UniqueIdentifier>{5c906170-d53f-4ca3-891e-270aecaf95bb}</UniqueIdentifier>
    </Filter>
    <Filter Include="Network\Client\Packet">
      <UniqueIdentifier>{3a33299f-8540-40f8-be2a-78b9fa656e00}</UniqueIdentifier>
    </Filter>
    <Filter Include="Network\Client\Session">
      <UniqueIdentifier>{3cc8fa8c-9f8c-4a6e-8e40-befd084e4743}</UniqueIdentifier>
    </Filter>
    <Filter Include="Network\Utils">
      <UniqueIdentifier>{d08ec1ed-7a41-4858-a104-6a7260ebfd60}</UniqueIdentifier>
    </Filter>
    <Filter Include="Network\Protocol">
      <UniqueIdentifier>{91df5b85-a165-456f-8794-98795ac1d111}</UniqueIdentifier>
    </Filter>
    <Filter Include="Network\Server">
      <UniqueIdentifier>{a21d6128-0a50-40d1-b46a-771615a0b3ea}</UniqueIdentifier>
    </Filter>
    <Filter Include="Network\Server\Session">
      <UniqueIdentifier>{1f033f8c-03d1-4251-909f-613b385ea07a}</UniqueIdentifier>
    </Filter>
    <Filter Include="Network\Server\Packet">
      <UniqueIdentifier>{f12fc370-606e-40d7-b8a8-4ac32c1bda89}</UniqueIdentifier>
    </Filter>
  </ItemGroup>
  <ItemGroup>
    <ClInclude Include="SkyDomeComponent.h">
      <Filter>NewComponent</Filter>
    </ClInclude>
    <ClInclude Include="SkyRenderSystem.h">
      <Filter>NewSystem</Filter>
    </ClInclude>
    <ClInclude Include="Sample.h" />
    <ClInclude Include="BaseScene.h">
      <Filter>Scene</Filter>
    </ClInclude>
    <ClInclude Include="BattleScene.h">
      <Filter>Scene</Filter>
    </ClInclude>
    <ClInclude Include="CardViewScene.h">
      <Filter>Scene</Filter>
    </ClInclude>
    <ClInclude Include="LoadingScene.h">
      <Filter>Scene</Filter>
    </ClInclude>
    <ClInclude Include="MapScene.h">
      <Filter>Scene</Filter>
    </ClInclude>
    <ClInclude Include="BaseEnemy.h">
      <Filter>Battle\Enemy</Filter>
    </ClInclude>
    <ClInclude Include="Enemy_1.h">
      <Filter>Battle\Enemy</Filter>
    </ClInclude>
    <ClInclude Include="Player.h">
      <Filter>Battle</Filter>
    </ClInclude>
    <ClInclude Include="Deck.h">
      <Filter>Battle</Filter>
    </ClInclude>
    <ClInclude Include="UI_Loader.h">
      <Filter>Loader</Filter>
    </ClInclude>
    <ClInclude Include="TitleScene.h">
      <Filter>Scene</Filter>
    </ClInclude>
    <ClInclude Include="WidgetComponent.h">
      <Filter>NewComponent</Filter>
    </ClInclude>
    <ClInclude Include="WidgetRenderSystem.h">
      <Filter>NewSystem</Filter>
    </ClInclude>
    <ClInclude Include="WidgetObject.h">
      <Filter>NewComponent</Filter>
    </ClInclude>
    <ClInclude Include="ClearScene.h">
      <Filter>Scene</Filter>
    </ClInclude>
    <ClInclude Include="GameOverScene.h">
      <Filter>Scene</Filter>
    </ClInclude>
    <ClInclude Include="enum.pb.h">
      <Filter>Network\Protocol</Filter>
    </ClInclude>
    <ClInclude Include="protocol.pb.h">
      <Filter>Network\Protocol</Filter>
    </ClInclude>
    <ClInclude Include="struct.pb.h">
      <Filter>Network\Protocol</Filter>
    </ClInclude>
    <ClInclude Include="NetworkPch.h">
      <Filter>Network\Utils</Filter>
    </ClInclude>
    <ClInclude Include="SelectScene.h">
      <Filter>Scene</Filter>
    </ClInclude>
    <ClInclude Include="Host.h">
      <Filter>Network\Server</Filter>
    </ClInclude>
    <ClInclude Include="Client.h">
      <Filter>Network\Client</Filter>
    </ClInclude>
    <ClInclude Include="HostSession.h">
      <Filter>Network\Server\Session</Filter>
    </ClInclude>
    <ClInclude Include="HostSessionManager.h">
      <Filter>Network\Server\Session</Filter>
    </ClInclude>
    <ClInclude Include="ServerPacketHandler.h">
      <Filter>Network\Server\Packet</Filter>
    </ClInclude>
    <ClInclude Include="ClientSession.h">
      <Filter>Network\Client\Session</Filter>
    </ClInclude>
    <ClInclude Include="ClientPacketHandler.h">
      <Filter>Network\Client\Packet</Filter>
    </ClInclude>
    <ClInclude Include="MultiBattleScene.h">
      <Filter>Scene</Filter>
    </ClInclude>
    <ClInclude Include="CloudDomeComponent.h">
      <Filter>NewComponent</Filter>
    </ClInclude>
  </ItemGroup>
  <ItemGroup>
    <ClCompile Include="SkyDomeComponent.cpp">
      <Filter>NewComponent</Filter>
    </ClCompile>
    <ClCompile Include="SkyRenderSystem.cpp">
      <Filter>NewSystem</Filter>
    </ClCompile>
    <ClCompile Include="Sample.cpp" />
    <ClCompile Include="BaseScene.cpp">
      <Filter>Scene</Filter>
    </ClCompile>
    <ClCompile Include="BattleScene.cpp">
      <Filter>Scene</Filter>
    </ClCompile>
    <ClCompile Include="CardViewScene.cpp">
      <Filter>Scene</Filter>
    </ClCompile>
    <ClCompile Include="LoadingScene.cpp">
      <Filter>Scene</Filter>
    </ClCompile>
    <ClCompile Include="MapScene.cpp">
      <Filter>Scene</Filter>
    </ClCompile>
    <ClCompile Include="BaseEnemy.cpp">
      <Filter>Battle\Enemy</Filter>
    </ClCompile>
    <ClCompile Include="Enemy_1.cpp">
      <Filter>Battle\Enemy</Filter>
    </ClCompile>
    <ClCompile Include="Player.cpp">
      <Filter>Battle</Filter>
    </ClCompile>
    <ClCompile Include="Deck.cpp">
      <Filter>Battle</Filter>
    </ClCompile>
    <ClCompile Include="UI_Loader.cpp">
      <Filter>Loader</Filter>
    </ClCompile>
    <ClCompile Include="TitleScene.cpp">
      <Filter>Scene</Filter>
    </ClCompile>
    <ClCompile Include="WidgetComponent.cpp">
      <Filter>NewComponent</Filter>
    </ClCompile>
    <ClCompile Include="WidgetRenderSystem.cpp">
      <Filter>NewSystem</Filter>
    </ClCompile>
    <ClCompile Include="WidgetObject.cpp">
      <Filter>NewComponent</Filter>
    </ClCompile>
    <ClCompile Include="ClearScene.cpp">
      <Filter>Scene</Filter>
    </ClCompile>
    <ClCompile Include="GameOverScene.cpp">
      <Filter>Scene</Filter>
    </ClCompile>
    <ClCompile Include="SelectScene.cpp">
      <Filter>Scene</Filter>
    </ClCompile>
    <ClCompile Include="enum.pb.cc">
      <Filter>Network\Protocol</Filter>
    </ClCompile>
    <ClCompile Include="protocol.pb.cc">
      <Filter>Network\Protocol</Filter>
    </ClCompile>
    <ClCompile Include="struct.pb.cc">
      <Filter>Network\Protocol</Filter>
    </ClCompile>
    <ClCompile Include="NetworkPch.cpp">
      <Filter>Network\Utils</Filter>
    </ClCompile>
    <ClCompile Include="Host.cpp">
      <Filter>Network\Server</Filter>
    </ClCompile>
    <ClCompile Include="Client.cpp">
      <Filter>Network\Client</Filter>
    </ClCompile>
    <ClCompile Include="HostSession.cpp">
      <Filter>Network\Server\Session</Filter>
    </ClCompile>
    <ClCompile Include="HostSessionManager.cpp">
      <Filter>Network\Server\Session</Filter>
    </ClCompile>
    <ClCompile Include="ServerPacketHandler.cpp">
      <Filter>Network\Server\Packet</Filter>
    </ClCompile>
    <ClCompile Include="ClientSession.cpp">
      <Filter>Network\Client\Session</Filter>
    </ClCompile>
    <ClCompile Include="ClientPacketHandler.cpp">
      <Filter>Network\Client\Packet</Filter>
    </ClCompile>
    <ClCompile Include="MultiBattleScene.cpp">
      <Filter>Scene</Filter>
    </ClCompile>
    <ClCompile Include="CloudDomeComponent.cpp">
      <Filter>NewComponent</Filter>
    </ClCompile>
  </ItemGroup>
  <ItemGroup>
    <None Include="..\Common\protoc-3.17.1-win64\bin\enum.proto">
      <Filter>Network\Protocol</Filter>
    </None>
    <None Include="..\Common\protoc-3.17.1-win64\bin\genPackets.bat">
      <Filter>Network\Protocol</Filter>
    </None>
    <None Include="..\Common\protoc-3.17.1-win64\bin\protocol.proto">
      <Filter>Network\Protocol</Filter>
    </None>
    <None Include="..\Common\protoc-3.17.1-win64\bin\struct.proto">
      <Filter>Network\Protocol</Filter>
    </None>
  </ItemGroup>
</Project>